
Microsoft Visual Studio Solution File, Format Version 12.00
# Visual Studio Version 16
VisualStudioVersion = 16.0.30011.22
MinimumVisualStudioVersion = 10.0.40219.1
Project("{9A19103F-16F7-4668-BE54-9A1E7A4F7556}") = "CosmosEmulatorTest", "CosmosEmulatorTest.csproj", "{C560E9D5-0126-411F-826C-C78AA5D3C89C}"
EndProject
Global
	GlobalSection(SolutionConfigurationPlatforms) = preSolution
		Debug|Any CPU = Debug|Any CPU
		Release|Any CPU = Release|Any CPU
	EndGlobalSection
	GlobalSection(ProjectConfigurationPlatforms) = postSolution
		{C560E9D5-0126-411F-826C-C78AA5D3C89C}.Debug|Any CPU.ActiveCfg = Debug|Any CPU
		{C560E9D5-0126-411F-826C-C78AA5D3C89C}.Debug|Any CPU.Build.0 = Debug|Any CPU
		{C560E9D5-0126-411F-826C-C78AA5D3C89C}.Release|Any CPU.ActiveCfg = Release|Any CPU
		{C560E9D5-0126-411F-826C-C78AA5D3C89C}.Release|Any CPU.Build.0 = Release|Any CPU
	EndGlobalSection
	GlobalSection(SolutionProperties) = preSolution
		HideSolutionNode = FALSE
	EndGlobalSection
	GlobalSection(ExtensibilityGlobals) = postSolution
		SolutionGuid = {2202B168-A0C2-4387-B372-3CA8571E752B}
	EndGlobalSection
EndGlobal
